
Microsoft Visual Studio Solution File, Format Version 12.00
# Visual Studio Version 16
VisualStudioVersion = 16.0.31624.102
MinimumVisualStudioVersion = 10.0.40219.1
Project("{9A19103F-16F7-4668-BE54-9A1E7A4F7556}") = "PTJK.OpenWeatherAPI", "PTJK.OpenWeatherAPI\PTJK.OpenWeatherAPI.csproj", "{6711EC84-8845-4126-835D-317567AB5E96}"
EndProject
Global
	GlobalSection(SolutionConfigurationPlatforms) = preSolution
		Debug|Any CPU = Debug|Any CPU
		Release|Any CPU = Release|Any CPU
	EndGlobalSection
	GlobalSection(ProjectConfigurationPlatforms) = postSolution
		{6711EC84-8845-4126-835D-317567AB5E96}.Debug|Any CPU.ActiveCfg = Debug|Any CPU
		{6711EC84-8845-4126-835D-317567AB5E96}.Debug|Any CPU.Build.0 = Debug|Any CPU
		{6711EC84-8845-4126-835D-317567AB5E96}.Release|Any CPU.ActiveCfg = Release|Any CPU
		{6711EC84-8845-4126-835D-317567AB5E96}.Release|Any CPU.Build.0 = Release|Any CPU
	EndGlobalSection
	GlobalSection(SolutionProperties) = preSolution
		HideSolutionNode = FALSE
	EndGlobalSection
	GlobalSection(ExtensibilityGlobals) = postSolution
		SolutionGuid = {0B8A2BC4-CA6C-4F4D-8573-16FF2019EA43}
	EndGlobalSection
EndGlobal
